// !$*UTF8*$!
{
	archiveVersion = 1;
	classes = {
	};
	objectVersion = 56;
	objects = {

/* Begin PBXBuildFile section */
		436104D2296E57C3006EBED9 /* SwiftRestoApp.swift in Sources */ = {isa = PBXBuildFile; fileRef = 436104D1296E57C3006EBED9 /* SwiftRestoApp.swift */; };
		436104D4296E57C3006EBED9 /* ContentView.swift in Sources */ = {isa = PBXBuildFile; fileRef = 436104D3296E57C3006EBED9 /* ContentView.swift */; };
		436104D6296E57C4006EBED9 /* Assets.xcassets in Resources */ = {isa = PBXBuildFile; fileRef = 436104D5296E57C4006EBED9 /* Assets.xcassets */; };
		436104D9296E57C4006EBED9 /* Preview Assets.xcassets in Resources */ = {isa = PBXBuildFile; fileRef = 436104D8296E57C4006EBED9 /* Preview Assets.xcassets */; };
		436104E2296E5956006EBED9 /* Restaurant.swift in Sources */ = {isa = PBXBuildFile; fileRef = 436104E1296E5956006EBED9 /* Restaurant.swift */; };
		436104E4296E5A39006EBED9 /* Review.swift in Sources */ = {isa = PBXBuildFile; fileRef = 436104E3296E5A39006EBED9 /* Review.swift */; };
		436104EA296E5B33006EBED9 /* RestaurantDto.swift in Sources */ = {isa = PBXBuildFile; fileRef = 436104E9296E5B33006EBED9 /* RestaurantDto.swift */; };
		436104EE296E5C05006EBED9 /* ReviewDto.swift in Sources */ = {isa = PBXBuildFile; fileRef = 436104ED296E5C05006EBED9 /* ReviewDto.swift */; };
		436104F2296E5D12006EBED9 /* RestaurantRemoteDataSource.swift in Sources */ = {isa = PBXBuildFile; fileRef = 436104F1296E5D12006EBED9 /* RestaurantRemoteDataSource.swift */; };
		436104F5296E5DB2006EBED9 /* Constants.swift in Sources */ = {isa = PBXBuildFile; fileRef = 436104F4296E5DB2006EBED9 /* Constants.swift */; };
		436104F8296E5FE8006EBED9 /* Alamofire in Frameworks */ = {isa = PBXBuildFile; productRef = 436104F7296E5FE8006EBED9 /* Alamofire */; };
		436104FB296E6C06006EBED9 /* RestaurantRepository.swift in Sources */ = {isa = PBXBuildFile; fileRef = 436104FA296E6C06006EBED9 /* RestaurantRepository.swift */; };
		436104FD296E6C36006EBED9 /* Result.swift in Sources */ = {isa = PBXBuildFile; fileRef = 436104FC296E6C36006EBED9 /* Result.swift */; };
		43610500296E76BC006EBED9 /* RestaurantRepositoryImpl.swift in Sources */ = {isa = PBXBuildFile; fileRef = 436104FF296E76BC006EBED9 /* RestaurantRepositoryImpl.swift */; };
		43610505296E7933006EBED9 /* GetAllRestaurantUseCase.swift in Sources */ = {isa = PBXBuildFile; fileRef = 43610504296E7933006EBED9 /* GetAllRestaurantUseCase.swift */; };
		4361050B296E7D4A006EBED9 /* HomeViewModel.swift in Sources */ = {isa = PBXBuildFile; fileRef = 4361050A296E7D4A006EBED9 /* HomeViewModel.swift */; };
		4361050D296E7ED2006EBED9 /* HomeView.swift in Sources */ = {isa = PBXBuildFile; fileRef = 4361050C296E7ED2006EBED9 /* HomeView.swift */; };
/* End PBXBuildFile section */

/* Begin PBXFileReference section */
		436104CE296E57C3006EBED9 /* SwiftResto.app */ = {isa = PBXFileReference; explicitFileType = wrapper.application; includeInIndex = 0; path = SwiftResto.app; sourceTree = BUILT_PRODUCTS_DIR; };
		436104D1296E57C3006EBED9 /* SwiftRestoApp.swift */ = {isa = PBXFileReference; lastKnownFileType = sourcecode.swift; path = SwiftRestoApp.swift; sourceTree = "<group>"; };
		436104D3296E57C3006EBED9 /* ContentView.swift */ = {isa = PBXFileReference; lastKnownFileType = sourcecode.swift; path = ContentView.swift; sourceTree = "<group>"; };
		436104D5296E57C4006EBED9 /* Assets.xcassets */ = {isa = PBXFileReference; lastKnownFileType = folder.assetcatalog; path = Assets.xcassets; sourceTree = "<group>"; };
		436104D8296E57C4006EBED9 /* Preview Assets.xcassets */ = {isa = PBXFileReference; lastKnownFileType = folder.assetcatalog; path = "Preview Assets.xcassets"; sourceTree = "<group>"; };
		436104E1296E5956006EBED9 /* Restaurant.swift */ = {isa = PBXFileReference; lastKnownFileType = sourcecode.swift; path = Restaurant.swift; sourceTree = "<group>"; };
		436104E3296E5A39006EBED9 /* Review.swift */ = {isa = PBXFileReference; lastKnownFileType = sourcecode.swift; path = Review.swift; sourceTree = "<group>"; };
		436104E9296E5B33006EBED9 /* RestaurantDto.swift */ = {isa = PBXFileReference; lastKnownFileType = sourcecode.swift; path = RestaurantDto.swift; sourceTree = "<group>"; };
		436104ED296E5C05006EBED9 /* ReviewDto.swift */ = {isa = PBXFileReference; lastKnownFileType = sourcecode.swift; path = ReviewDto.swift; sourceTree = "<group>"; };
		436104F1296E5D12006EBED9 /* RestaurantRemoteDataSource.swift */ = {isa = PBXFileReference; lastKnownFileType = sourcecode.swift; path = RestaurantRemoteDataSource.swift; sourceTree = "<group>"; };
		436104F4296E5DB2006EBED9 /* Constants.swift */ = {isa = PBXFileReference; lastKnownFileType = sourcecode.swift; path = Constants.swift; sourceTree = "<group>"; };
		436104FA296E6C06006EBED9 /* RestaurantRepository.swift */ = {isa = PBXFileReference; lastKnownFileType = sourcecode.swift; path = RestaurantRepository.swift; sourceTree = "<group>"; };
		436104FC296E6C36006EBED9 /* Result.swift */ = {isa = PBXFileReference; lastKnownFileType = sourcecode.swift; path = Result.swift; sourceTree = "<group>"; };
		436104FF296E76BC006EBED9 /* RestaurantRepositoryImpl.swift */ = {isa = PBXFileReference; lastKnownFileType = sourcecode.swift; path = RestaurantRepositoryImpl.swift; sourceTree = "<group>"; };
		43610504296E7933006EBED9 /* GetAllRestaurantUseCase.swift */ = {isa = PBXFileReference; lastKnownFileType = sourcecode.swift; path = GetAllRestaurantUseCase.swift; sourceTree = "<group>"; };
		4361050A296E7D4A006EBED9 /* HomeViewModel.swift */ = {isa = PBXFileReference; lastKnownFileType = sourcecode.swift; path = HomeViewModel.swift; sourceTree = "<group>"; };
		4361050C296E7ED2006EBED9 /* HomeView.swift */ = {isa = PBXFileReference; lastKnownFileType = sourcecode.swift; path = HomeView.swift; sourceTree = "<group>"; };
/* End PBXFileReference section */

/* Begin PBXFrameworksBuildPhase section */
		436104CB296E57C3006EBED9 /* Frameworks */ = {
			isa = PBXFrameworksBuildPhase;
			buildActionMask = 2147483647;
			files = (
				436104F8296E5FE8006EBED9 /* Alamofire in Frameworks */,
			);
			runOnlyForDeploymentPostprocessing = 0;
		};
/* End PBXFrameworksBuildPhase section */

/* Begin PBXGroup section */
		436104C5296E57C3006EBED9 = {
			isa = PBXGroup;
			children = (
				436104D0296E57C3006EBED9 /* SwiftResto */,
				436104CF296E57C3006EBED9 /* Products */,
			);
			sourceTree = "<group>";
		};
		436104CF296E57C3006EBED9 /* Products */ = {
			isa = PBXGroup;
			children = (
				436104CE296E57C3006EBED9 /* SwiftResto.app */,
			);
			name = Products;
			sourceTree = "<group>";
		};
		436104D0296E57C3006EBED9 /* SwiftResto */ = {
			isa = PBXGroup;
			children = (
				43610508296E7D22006EBED9 /* Presentation */,
				436104F3296E5DA3006EBED9 /* Common */,
				436104E5296E5AD9006EBED9 /* Data */,
				436104DF296E5927006EBED9 /* Domain */,
				436104D1296E57C3006EBED9 /* SwiftRestoApp.swift */,
				436104D3296E57C3006EBED9 /* ContentView.swift */,
				436104D5296E57C4006EBED9 /* Assets.xcassets */,
				436104D7296E57C4006EBED9 /* Preview Content */,
			);
			path = SwiftResto;
			sourceTree = "<group>";
		};
		436104D7296E57C4006EBED9 /* Preview Content */ = {
			isa = PBXGroup;
			children = (
				436104D8296E57C4006EBED9 /* Preview Assets.xcassets */,
			);
			path = "Preview Content";
			sourceTree = "<group>";
		};
		436104DF296E5927006EBED9 /* Domain */ = {
			isa = PBXGroup;
			children = (
				43610501296E7897006EBED9 /* UseCase */,
				436104F9296E6BD9006EBED9 /* Repository */,
				436104E0296E5943006EBED9 /* Model */,
			);
			path = Domain;
			sourceTree = "<group>";
		};
		436104E0296E5943006EBED9 /* Model */ = {
			isa = PBXGroup;
			children = (
				436104E1296E5956006EBED9 /* Restaurant.swift */,
				436104E3296E5A39006EBED9 /* Review.swift */,
			);
			path = Model;
			sourceTree = "<group>";
		};
		436104E5296E5AD9006EBED9 /* Data */ = {
			isa = PBXGroup;
			children = (
				436104FE296E76AF006EBED9 /* Repository */,
				436104E6296E5AE5006EBED9 /* DataSource */,
			);
			path = Data;
			sourceTree = "<group>";
		};
		436104E6296E5AE5006EBED9 /* DataSource */ = {
			isa = PBXGroup;
			children = (
				436104E7296E5AF6006EBED9 /* Remote */,
			);
			path = DataSource;
			sourceTree = "<group>";
		};
		436104E7296E5AF6006EBED9 /* Remote */ = {
			isa = PBXGroup;
			children = (
				436104E8296E5B12006EBED9 /* Dto */,
				436104F1296E5D12006EBED9 /* RestaurantRemoteDataSource.swift */,
			);
			path = Remote;
			sourceTree = "<group>";
		};
		436104E8296E5B12006EBED9 /* Dto */ = {
			isa = PBXGroup;
			children = (
				436104E9296E5B33006EBED9 /* RestaurantDto.swift */,
				436104ED296E5C05006EBED9 /* ReviewDto.swift */,
			);
			path = Dto;
			sourceTree = "<group>";
		};
		436104F3296E5DA3006EBED9 /* Common */ = {
			isa = PBXGroup;
			children = (
				436104F4296E5DB2006EBED9 /* Constants.swift */,
				436104FC296E6C36006EBED9 /* Result.swift */,
			);
			path = Common;
			sourceTree = "<group>";
		};
		436104F9296E6BD9006EBED9 /* Repository */ = {
			isa = PBXGroup;
			children = (
				436104FA296E6C06006EBED9 /* RestaurantRepository.swift */,
			);
			path = Repository;
			sourceTree = "<group>";
		};
		436104FE296E76AF006EBED9 /* Repository */ = {
			isa = PBXGroup;
			children = (
				436104FF296E76BC006EBED9 /* RestaurantRepositoryImpl.swift */,
			);
			path = Repository;
			sourceTree = "<group>";
		};
		43610501296E7897006EBED9 /* UseCase */ = {
			isa = PBXGroup;
			children = (
				43610504296E7933006EBED9 /* GetAllRestaurantUseCase.swift */,
			);
			path = UseCase;
			sourceTree = "<group>";
		};
		43610508296E7D22006EBED9 /* Presentation */ = {
			isa = PBXGroup;
			children = (
				43610509296E7D35006EBED9 /* Home */,
			);
			path = Presentation;
			sourceTree = "<group>";
		};
		43610509296E7D35006EBED9 /* Home */ = {
			isa = PBXGroup;
			children = (
				4361050A296E7D4A006EBED9 /* HomeViewModel.swift */,
				4361050C296E7ED2006EBED9 /* HomeView.swift */,
			);
			path = Home;
			sourceTree = "<group>";
		};
/* End PBXGroup section */

/* Begin PBXNativeTarget section */
		436104CD296E57C3006EBED9 /* SwiftResto */ = {
			isa = PBXNativeTarget;
			buildConfigurationList = 436104DC296E57C4006EBED9 /* Build configuration list for PBXNativeTarget "SwiftResto" */;
			buildPhases = (
				436104CA296E57C3006EBED9 /* Sources */,
				436104CB296E57C3006EBED9 /* Frameworks */,
				436104CC296E57C3006EBED9 /* Resources */,
			);
			buildRules = (
			);
			dependencies = (
			);
			name = SwiftResto;
			packageProductDependencies = (
				436104F7296E5FE8006EBED9 /* Alamofire */,
			);
			productName = SwiftResto;
			productReference = 436104CE296E57C3006EBED9 /* SwiftResto.app */;
			productType = "com.apple.product-type.application";
		};
/* End PBXNativeTarget section */

/* Begin PBXProject section */
		436104C6296E57C3006EBED9 /* Project object */ = {
			isa = PBXProject;
			attributes = {
				BuildIndependentTargetsInParallel = 1;
				LastSwiftUpdateCheck = 1420;
				LastUpgradeCheck = 1420;
				TargetAttributes = {
					436104CD296E57C3006EBED9 = {
						CreatedOnToolsVersion = 14.2;
					};
				};
			};
			buildConfigurationList = 436104C9296E57C3006EBED9 /* Build configuration list for PBXProject "SwiftResto" */;
			compatibilityVersion = "Xcode 14.0";
			developmentRegion = en;
			hasScannedForEncodings = 0;
			knownRegions = (
				en,
				Base,
			);
			mainGroup = 436104C5296E57C3006EBED9;
			packageReferences = (
				436104F6296E5FE8006EBED9 /* XCRemoteSwiftPackageReference "Alamofire" */,
			);
			productRefGroup = 436104CF296E57C3006EBED9 /* Products */;
			projectDirPath = "";
			projectRoot = "";
			targets = (
				436104CD296E57C3006EBED9 /* SwiftResto */,
			);
		};
/* End PBXProject section */

/* Begin PBXResourcesBuildPhase section */
		436104CC296E57C3006EBED9 /* Resources */ = {
			isa = PBXResourcesBuildPhase;
			buildActionMask = 2147483647;
			files = (
				436104D9296E57C4006EBED9 /* Preview Assets.xcassets in Resources */,
				436104D6296E57C4006EBED9 /* Assets.xcassets in Resources */,
			);
			runOnlyForDeploymentPostprocessing = 0;
		};
/* End PBXResourcesBuildPhase section */

/* Begin PBXSourcesBuildPhase section */
		436104CA296E57C3006EBED9 /* Sources */ = {
			isa = PBXSourcesBuildPhase;
			buildActionMask = 2147483647;
			files = (
				436104EA296E5B33006EBED9 /* RestaurantDto.swift in Sources */,
				4361050D296E7ED2006EBED9 /* HomeView.swift in Sources */,
				436104FB296E6C06006EBED9 /* RestaurantRepository.swift in Sources */,
				436104EE296E5C05006EBED9 /* ReviewDto.swift in Sources */,
				436104D4296E57C3006EBED9 /* ContentView.swift in Sources */,
				436104F2296E5D12006EBED9 /* RestaurantRemoteDataSource.swift in Sources */,
				436104E4296E5A39006EBED9 /* Review.swift in Sources */,
				436104D2296E57C3006EBED9 /* SwiftRestoApp.swift in Sources */,
				43610505296E7933006EBED9 /* GetAllRestaurantUseCase.swift in Sources */,
				4361050B296E7D4A006EBED9 /* HomeViewModel.swift in Sources */,
				436104E2296E5956006EBED9 /* Restaurant.swift in Sources */,
				43610500296E76BC006EBED9 /* RestaurantRepositoryImpl.swift in Sources */,
				436104F5296E5DB2006EBED9 /* Constants.swift in Sources */,
				436104FD296E6C36006EBED9 /* Result.swift in Sources */,
			);
			runOnlyForDeploymentPostprocessing = 0;
		};
/* End PBXSourcesBuildPhase section */

/* Begin XCBuildConfiguration section */
		436104DA296E57C4006EBED9 /* Debug */ = {
			isa = XCBuildConfiguration;
			buildSettings = {
				ALWAYS_SEARCH_USER_PATHS = NO;
				CLANG_ANALYZER_NONNULL = YES;
				CLANG_ANALYZER_NUMBER_OBJECT_CONVERSION = YES_AGGRESSIVE;
				CLANG_CXX_LANGUAGE_STANDARD = "gnu++20";
				CLANG_ENABLE_MODULES = YES;
				CLANG_ENABLE_OBJC_ARC = YES;
				CLANG_ENABLE_OBJC_WEAK = YES;
				CLANG_WARN_BLOCK_CAPTURE_AUTORELEASING = YES;
				CLANG_WARN_BOOL_CONVERSION = YES;
				CLANG_WARN_COMMA = YES;
				CLANG_WARN_CONSTANT_CONVERSION = YES;
				CLANG_WARN_DEPRECATED_OBJC_IMPLEMENTATIONS = YES;
				CLANG_WARN_DIRECT_OBJC_ISA_USAGE = YES_ERROR;
				CLANG_WARN_DOCUMENTATION_COMMENTS = YES;
				CLANG_WARN_EMPTY_BODY = YES;
				CLANG_WARN_ENUM_CONVERSION = YES;
				CLANG_WARN_INFINITE_RECURSION = YES;
				CLANG_WARN_INT_CONVERSION = YES;
				CLANG_WARN_NON_LITERAL_NULL_CONVERSION = YES;
				CLANG_WARN_OBJC_IMPLICIT_RETAIN_SELF = YES;
				CLANG_WARN_OBJC_LITERAL_CONVERSION = YES;
				CLANG_WARN_OBJC_ROOT_CLASS = YES_ERROR;
				CLANG_WARN_QUOTED_INCLUDE_IN_FRAMEWORK_HEADER = YES;
				CLANG_WARN_RANGE_LOOP_ANALYSIS = YES;
				CLANG_WARN_STRICT_PROTOTYPES = YES;
				CLANG_WARN_SUSPICIOUS_MOVE = YES;
				CLANG_WARN_UNGUARDED_AVAILABILITY = YES_AGGRESSIVE;
				CLANG_WARN_UNREACHABLE_CODE = YES;
				CLANG_WARN__DUPLICATE_METHOD_MATCH = YES;
				COPY_PHASE_STRIP = NO;
				DEBUG_INFORMATION_FORMAT = dwarf;
				ENABLE_STRICT_OBJC_MSGSEND = YES;
				ENABLE_TESTABILITY = YES;
				GCC_C_LANGUAGE_STANDARD = gnu11;
				GCC_DYNAMIC_NO_PIC = NO;
				GCC_NO_COMMON_BLOCKS = YES;
				GCC_OPTIMIZATION_LEVEL = 0;
				GCC_PREPROCESSOR_DEFINITIONS = (
					"DEBUG=1",
					"$(inherited)",
				);
				GCC_WARN_64_TO_32_BIT_CONVERSION = YES;
				GCC_WARN_ABOUT_RETURN_TYPE = YES_ERROR;
				GCC_WARN_UNDECLARED_SELECTOR = YES;
				GCC_WARN_UNINITIALIZED_AUTOS = YES_AGGRESSIVE;
				GCC_WARN_UNUSED_FUNCTION = YES;
				GCC_WARN_UNUSED_VARIABLE = YES;
				IPHONEOS_DEPLOYMENT_TARGET = 16.2;
				MTL_ENABLE_DEBUG_INFO = INCLUDE_SOURCE;
				MTL_FAST_MATH = YES;
				ONLY_ACTIVE_ARCH = YES;
				SDKROOT = iphoneos;
				SWIFT_ACTIVE_COMPILATION_CONDITIONS = DEBUG;
				SWIFT_OPTIMIZATION_LEVEL = "-Onone";
			};
			name = Debug;
		};
		436104DB296E57C4006EBED9 /* Release */ = {
			isa = XCBuildConfiguration;
			buildSettings = {
				ALWAYS_SEARCH_USER_PATHS = NO;
				CLANG_ANALYZER_NONNULL = YES;
				CLANG_ANALYZER_NUMBER_OBJECT_CONVERSION = YES_AGGRESSIVE;
				CLANG_CXX_LANGUAGE_STANDARD = "gnu++20";
				CLANG_ENABLE_MODULES = YES;
				CLANG_ENABLE_OBJC_ARC = YES;
				CLANG_ENABLE_OBJC_WEAK = YES;
				CLANG_WARN_BLOCK_CAPTURE_AUTORELEASING = YES;
				CLANG_WARN_BOOL_CONVERSION = YES;
				CLANG_WARN_COMMA = YES;
				CLANG_WARN_CONSTANT_CONVERSION = YES;
				CLANG_WARN_DEPRECATED_OBJC_IMPLEMENTATIONS = YES;
				CLANG_WARN_DIRECT_OBJC_ISA_USAGE = YES_ERROR;
				CLANG_WARN_DOCUMENTATION_COMMENTS = YES;
				CLANG_WARN_EMPTY_BODY = YES;
				CLANG_WARN_ENUM_CONVERSION = YES;
				CLANG_WARN_INFINITE_RECURSION = YES;
				CLANG_WARN_INT_CONVERSION = YES;
				CLANG_WARN_NON_LITERAL_NULL_CONVERSION = YES;
				CLANG_WARN_OBJC_IMPLICIT_RETAIN_SELF = YES;
				CLANG_WARN_OBJC_LITERAL_CONVERSION = YES;
				CLANG_WARN_OBJC_ROOT_CLASS = YES_ERROR;
				CLANG_WARN_QUOTED_INCLUDE_IN_FRAMEWORK_HEADER = YES;
				CLANG_WARN_RANGE_LOOP_ANALYSIS = YES;
				CLANG_WARN_STRICT_PROTOTYPES = YES;
				CLANG_WARN_SUSPICIOUS_MOVE = YES;
				CLANG_WARN_UNGUARDED_AVAILABILITY = YES_AGGRESSIVE;
				CLANG_WARN_UNREACHABLE_CODE = YES;
				CLANG_WARN__DUPLICATE_METHOD_MATCH = YES;
				COPY_PHASE_STRIP = NO;
				DEBUG_INFORMATION_FORMAT = "dwarf-with-dsym";
				ENABLE_NS_ASSERTIONS = NO;
				ENABLE_STRICT_OBJC_MSGSEND = YES;
				GCC_C_LANGUAGE_STANDARD = gnu11;
				GCC_NO_COMMON_BLOCKS = YES;
				GCC_WARN_64_TO_32_BIT_CONVERSION = YES;
				GCC_WARN_ABOUT_RETURN_TYPE = YES_ERROR;
				GCC_WARN_UNDECLARED_SELECTOR = YES;
				GCC_WARN_UNINITIALIZED_AUTOS = YES_AGGRESSIVE;
				GCC_WARN_UNUSED_FUNCTION = YES;
				GCC_WARN_UNUSED_VARIABLE = YES;
				IPHONEOS_DEPLOYMENT_TARGET = 16.2;
				MTL_ENABLE_DEBUG_INFO = NO;
				MTL_FAST_MATH = YES;
				SDKROOT = iphoneos;
				SWIFT_COMPILATION_MODE = wholemodule;
				SWIFT_OPTIMIZATION_LEVEL = "-O";
				VALIDATE_PRODUCT = YES;
			};
			name = Release;
		};
		436104DD296E57C4006EBED9 /* Debug */ = {
			isa = XCBuildConfiguration;
			buildSettings = {
				ASSETCATALOG_COMPILER_APPICON_NAME = AppIcon;
				ASSETCATALOG_COMPILER_GLOBAL_ACCENT_COLOR_NAME = AccentColor;
				CODE_SIGN_STYLE = Automatic;
				CURRENT_PROJECT_VERSION = 1;
				DEVELOPMENT_ASSET_PATHS = "\"SwiftResto/Preview Content\"";
				DEVELOPMENT_TEAM = RUM6F6CZM4;
				ENABLE_PREVIEWS = YES;
				GENERATE_INFOPLIST_FILE = YES;
				INFOPLIST_KEY_UIApplicationSceneManifest_Generation = YES;
				INFOPLIST_KEY_UIApplicationSupportsIndirectInputEvents = YES;
				INFOPLIST_KEY_UILaunchScreen_Generation = YES;
				INFOPLIST_KEY_UISupportedInterfaceOrientations_iPad = "UIInterfaceOrientationPortrait UIInterfaceOrientationPortraitUpsideDown UIInterfaceOrientationLandscapeLeft UIInterfaceOrientationLandscapeRight";
				INFOPLIST_KEY_UISupportedInterfaceOrientations_iPhone = "UIInterfaceOrientationPortrait UIInterfaceOrientationLandscapeLeft UIInterfaceOrientationLandscapeRight";
				LD_RUNPATH_SEARCH_PATHS = (
					"$(inherited)",
					"@executable_path/Frameworks",
				);
				MARKETING_VERSION = 1.0;
				PRODUCT_BUNDLE_IDENTIFIER = com.wiryadev.SwiftResto;
				PRODUCT_NAME = "$(TARGET_NAME)";
				SWIFT_EMIT_LOC_STRINGS = YES;
				SWIFT_VERSION = 5.0;
				TARGETED_DEVICE_FAMILY = "1,2";
			};
			name = Debug;
		};
		436104DE296E57C4006EBED9 /* Release */ = {
			isa = XCBuildConfiguration;
			buildSettings = {
				ASSETCATALOG_COMPILER_APPICON_NAME = AppIcon;
				ASSETCATALOG_COMPILER_GLOBAL_ACCENT_COLOR_NAME = AccentColor;
				CODE_SIGN_STYLE = Automatic;
				CURRENT_PROJECT_VERSION = 1;
				DEVELOPMENT_ASSET_PATHS = "\"SwiftResto/Preview Content\"";
				DEVELOPMENT_TEAM = RUM6F6CZM4;
				ENABLE_PREVIEWS = YES;
				GENERATE_INFOPLIST_FILE = YES;
				INFOPLIST_KEY_UIApplicationSceneManifest_Generation = YES;
				INFOPLIST_KEY_UIApplicationSupportsIndirectInputEvents = YES;
				INFOPLIST_KEY_UILaunchScreen_Generation = YES;
				INFOPLIST_KEY_UISupportedInterfaceOrientations_iPad = "UIInterfaceOrientationPortrait UIInterfaceOrientationPortraitUpsideDown UIInterfaceOrientationLandscapeLeft UIInterfaceOrientationLandscapeRight";
				INFOPLIST_KEY_UISupportedInterfaceOrientations_iPhone = "UIInterfaceOrientationPortrait UIInterfaceOrientationLandscapeLeft UIInterfaceOrientationLandscapeRight";
				LD_RUNPATH_SEARCH_PATHS = (
					"$(inherited)",
					"@executable_path/Frameworks",
				);
				MARKETING_VERSION = 1.0;
				PRODUCT_BUNDLE_IDENTIFIER = com.wiryadev.SwiftResto;
				PRODUCT_NAME = "$(TARGET_NAME)";
				SWIFT_EMIT_LOC_STRINGS = YES;
				SWIFT_VERSION = 5.0;
				TARGETED_DEVICE_FAMILY = "1,2";
			};
			name = Release;
		};
/* End XCBuildConfiguration section */

/* Begin XCConfigurationList section */
		436104C9296E57C3006EBED9 /* Build configuration list for PBXProject "SwiftResto" */ = {
			isa = XCConfigurationList;
			buildConfigurations = (
				436104DA296E57C4006EBED9 /* Debug */,
				436104DB296E57C4006EBED9 /* Release */,
			);
			defaultConfigurationIsVisible = 0;
			defaultConfigurationName = Release;
		};
		436104DC296E57C4006EBED9 /* Build configuration list for PBXNativeTarget "SwiftResto" */ = {
			isa = XCConfigurationList;
			buildConfigurations = (
				436104DD296E57C4006EBED9 /* Debug */,
				436104DE296E57C4006EBED9 /* Release */,
			);
			defaultConfigurationIsVisible = 0;
			defaultConfigurationName = Release;
		};
/* End XCConfigurationList section */

/* Begin XCRemoteSwiftPackageReference section */
		436104F6296E5FE8006EBED9 /* XCRemoteSwiftPackageReference "Alamofire" */ = {
			isa = XCRemoteSwiftPackageReference;
			repositoryURL = "https://github.com/Alamofire/Alamofire.git";
			requirement = {
				branch = master;
				kind = branch;
			};
		};
/* End XCRemoteSwiftPackageReference section */

/* Begin XCSwiftPackageProductDependency section */
		436104F7296E5FE8006EBED9 /* Alamofire */ = {
			isa = XCSwiftPackageProductDependency;
			package = 436104F6296E5FE8006EBED9 /* XCRemoteSwiftPackageReference "Alamofire" */;
			productName = Alamofire;
		};
/* End XCSwiftPackageProductDependency section */
	};
	rootObject = 436104C6296E57C3006EBED9 /* Project object */;
}
